
Microsoft Visual Studio Solution File, Format Version 12.00
# Visual Studio Version 17
VisualStudioVersion = 17.4.33103.184
MinimumVisualStudioVersion = 10.0.40219.1
Project("{FAE04EC0-301F-11D3-BF4B-00C04F79EFBC}") = "starting", "starting\starting.csproj", "{66A3C85C-51F4-44C7-B5EA-081A60041F4C}"
EndProject
Global
	GlobalSection(SolutionConfigurationPlatforms) = preSolution
		Debug|Any CPU = Debug|Any CPU
		Release|Any CPU = Release|Any CPU
	EndGlobalSection
	GlobalSection(ProjectConfigurationPlatforms) = postSolution
		{66A3C85C-51F4-44C7-B5EA-081A60041F4C}.Debug|Any CPU.ActiveCfg = Debug|Any CPU
		{66A3C85C-51F4-44C7-B5EA-081A60041F4C}.Debug|Any CPU.Build.0 = Debug|Any CPU
		{66A3C85C-51F4-44C7-B5EA-081A60041F4C}.Release|Any CPU.ActiveCfg = Release|Any CPU
		{66A3C85C-51F4-44C7-B5EA-081A60041F4C}.Release|Any CPU.Build.0 = Release|Any CPU
	EndGlobalSection
	GlobalSection(SolutionProperties) = preSolution
		HideSolutionNode = FALSE
	EndGlobalSection
	GlobalSection(ExtensibilityGlobals) = postSolution
		SolutionGuid = {51494C6F-86D1-4D52-84E1-36678B525C33}
	EndGlobalSection
EndGlobal
